
Microsoft Visual Studio Solution File, Format Version 12.00
# Visual Studio Version 17
VisualStudioVersion = 17.12.35527.113 d17.12
MinimumVisualStudioVersion = 10.0.40219.1
Project("{FAE04EC0-301F-11D3-BF4B-00C04F79EFBC}") = "Solutions", "Solutions\Solutions.csproj", "{1AB5C114-0A4A-4CEB-9FA3-88DC40FA0DE5}"
EndProject
Project("{FAE04EC0-301F-11D3-BF4B-00C04F79EFBC}") = "Tests", "Tests\Tests.csproj", "{09E38CC8-CE07-4925-A5CD-C3C55B2FD3C1}"
EndProject
Global
	GlobalSection(SolutionConfigurationPlatforms) = preSolution
		Debug|Any CPU = Debug|Any CPU
		Release|Any CPU = Release|Any CPU
	EndGlobalSection
	GlobalSection(ProjectConfigurationPlatforms) = postSolution
		{1AB5C114-0A4A-4CEB-9FA3-88DC40FA0DE5}.Debug|Any CPU.ActiveCfg = Debug|Any CPU
		{1AB5C114-0A4A-4CEB-9FA3-88DC40FA0DE5}.Debug|Any CPU.Build.0 = Debug|Any CPU
		{1AB5C114-0A4A-4CEB-9FA3-88DC40FA0DE5}.Release|Any CPU.ActiveCfg = Release|Any CPU
		{1AB5C114-0A4A-4CEB-9FA3-88DC40FA0DE5}.Release|Any CPU.Build.0 = Release|Any CPU
		{09E38CC8-CE07-4925-A5CD-C3C55B2FD3C1}.Debug|Any CPU.ActiveCfg = Debug|Any CPU
		{09E38CC8-CE07-4925-A5CD-C3C55B2FD3C1}.Debug|Any CPU.Build.0 = Debug|Any CPU
		{09E38CC8-CE07-4925-A5CD-C3C55B2FD3C1}.Release|Any CPU.ActiveCfg = Release|Any CPU
		{09E38CC8-CE07-4925-A5CD-C3C55B2FD3C1}.Release|Any CPU.Build.0 = Release|Any CPU
	EndGlobalSection
	GlobalSection(SolutionProperties) = preSolution
		HideSolutionNode = FALSE
	EndGlobalSection
EndGlobal
